# THIS IS AN AUTOGENERATED FILE. DO NOT EDIT THIS FILE DIRECTLY.
# yarn lockfile v1


accepts@~1.3.3:
  version "1.3.3"
  resolved "https://registry.yarnpkg.com/accepts/-/accepts-1.3.3.tgz#c3ca7434938648c3e0d9c1e328dd68b622c284ca"
  dependencies:
    mime-types "~2.1.11"
    negotiator "0.6.1"

array-flatten@1.1.1:
  version "1.1.1"
  resolved "https://registry.yarnpkg.com/array-flatten/-/array-flatten-1.1.1.tgz#9a5f699051b1e7073328f2a008968b64ea2955d2"

capture-stack-trace@^1.0.0:
  version "1.0.0"
  resolved "https://registry.yarnpkg.com/capture-stack-trace/-/capture-stack-trace-1.0.0.tgz#4a6fa07399c26bba47f0b2496b4d0fb408c5550d"

content-disposition@0.5.2:
  version "0.5.2"
  resolved "https://registry.yarnpkg.com/content-disposition/-/content-disposition-0.5.2.tgz#0cf68bb9ddf5f2be7961c3a85178cb85dba78cb4"

content-type@~1.0.2:
  version "1.0.2"
  resolved "https://registry.yarnpkg.com/content-type/-/content-type-1.0.2.tgz#b7d113aee7a8dd27bd21133c4dc2529df1721eed"

cookie-signature@1.0.6:
  version "1.0.6"
  resolved "https://registry.yarnpkg.com/cookie-signature/-/cookie-signature-1.0.6.tgz#e303a882b342cc3ee8ca513a79999734dab3ae2c"

cookie@0.3.1:
  version "0.3.1"
  resolved "https://registry.yarnpkg.com/cookie/-/cookie-0.3.1.tgz#e7e0a1f9ef43b4c8ba925c5c5a96e806d16873bb"

create-error-class@^3.0.0:
  version "3.0.2"
  resolved "https://registry.yarnpkg.com/create-error-class/-/create-error-class-3.0.2.tgz#06be7abef947a3f14a30fd610671d401bca8b7b6"
  dependencies:
    capture-stack-trace "^1.0.0"

debug@2.6.1:
  version "2.6.1"
  resolved "https://registry.yarnpkg.com/debug/-/debug-2.6.1.tgz#79855090ba2c4e3115cc7d8769491d58f0491351"
  dependencies:
    ms "0.7.2"

debug@2.6.4:
  version "2.6.4"
  resolved "https://registry.yarnpkg.com/debug/-/debug-2.6.4.tgz#7586a9b3c39741c0282ae33445c4e8ac74734fe0"
  dependencies:
    ms "0.7.3"

depd@1.1.0, depd@~1.1.0:
  version "1.1.0"
  resolved "https://registry.yarnpkg.com/depd/-/depd-1.1.0.tgz#e1bd82c6aab6ced965b97b88b17ed3e528ca18c3"

destroy@~1.0.4:
  version "1.0.4"
  resolved "https://registry.yarnpkg.com/destroy/-/destroy-1.0.4.tgz#978857442c44749e4206613e37946205826abd80"

duplexer3@^0.1.4:
  version "0.1.4"
  resolved "https://registry.yarnpkg.com/duplexer3/-/duplexer3-0.1.4.tgz#ee01dd1cac0ed3cbc7fdbea37dc0a8f1ce002ce2"

ee-first@1.1.1:
  version "1.1.1"
  resolved "https://registry.yarnpkg.com/ee-first/-/ee-first-1.1.1.tgz#590c61156b0ae2f4f0255732a158b266bc56b21d"

encodeurl@~1.0.1:
  version "1.0.1"
  resolved "https://registry.yarnpkg.com/encodeurl/-/encodeurl-1.0.1.tgz#79e3d58655346909fe6f0f45a5de68103b294d20"

escape-html@~1.0.3:
  version "1.0.3"
  resolved "https://registry.yarnpkg.com/escape-html/-/escape-html-1.0.3.tgz#0258eae4d3d0c0974de1c169188ef0051d1d1988"

etag@~1.8.0:
  version "1.8.0"
  resolved "https://registry.yarnpkg.com/etag/-/etag-1.8.0.tgz#6f631aef336d6c46362b51764044ce216be3c051"

express@^4.15.2:
  version "4.15.2"
  resolved "https://registry.yarnpkg.com/express/-/express-4.15.2.tgz#af107fc148504457f2dca9a6f2571d7129b97b35"
  dependencies:
    accepts "~1.3.3"
    array-flatten "1.1.1"
    content-disposition "0.5.2"
    content-type "~1.0.2"
    cookie "0.3.1"
    cookie-signature "1.0.6"
    debug "2.6.1"
    depd "~1.1.0"
    encodeurl "~1.0.1"
    escape-html "~1.0.3"
    etag "~1.8.0"
    finalhandler "~1.0.0"
    fresh "0.5.0"
    merge-descriptors "1.0.1"
    methods "~1.1.2"
    on-finished "~2.3.0"
    parseurl "~1.3.1"
    path-to-regexp "0.1.7"
    proxy-addr "~1.1.3"
    qs "6.4.0"
    range-parser "~1.2.0"
    send "0.15.1"
    serve-static "1.12.1"
    setprototypeof "1.0.3"
    statuses "~1.3.1"
    type-is "~1.6.14"
    utils-merge "1.0.0"
    vary "~1.1.0"

finalhandler@~1.0.0:
  version "1.0.2"
  resolved "https://registry.yarnpkg.com/finalhandler/-/finalhandler-1.0.2.tgz#d0e36f9dbc557f2de14423df6261889e9d60c93a"
  dependencies:
    debug "2.6.4"
    encodeurl "~1.0.1"
    escape-html "~1.0.3"
    on-finished "~2.3.0"
    parseurl "~1.3.1"
    statuses "~1.3.1"
    unpipe "~1.0.0"

forwarded@~0.1.0:
  version "0.1.0"
  resolved "https://registry.yarnpkg.com/forwarded/-/forwarded-0.1.0.tgz#19ef9874c4ae1c297bcf078fde63a09b66a84363"

fresh@0.5.0:
  version "0.5.0"
  resolved "https://registry.yarnpkg.com/fresh/-/fresh-0.5.0.tgz#f474ca5e6a9246d6fd8e0953cfa9b9c805afa78e"

get-stream@^3.0.0:
  version "3.0.0"
  resolved "https://registry.yarnpkg.com/get-stream/-/get-stream-3.0.0.tgz#8e943d1358dc37555054ecbe2edb05aa174ede14"

got@^6.7.1:
  version "6.7.1"
  resolved "https://registry.yarnpkg.com/got/-/got-6.7.1.tgz#240cd05785a9a18e561dc1b44b41c763ef1e8db0"
  dependencies:
    create-error-class "^3.0.0"
    duplexer3 "^0.1.4"
    get-stream "^3.0.0"
    is-redirect "^1.0.0"
    is-retry-allowed "^1.0.0"
    is-stream "^1.0.0"
    lowercase-keys "^1.0.0"
    safe-buffer "^5.0.1"
    timed-out "^4.0.0"
    unzip-response "^2.0.1"
    url-parse-lax "^1.0.0"

http-errors@~1.6.1:
  version "1.6.1"
  resolved "https://registry.yarnpkg.com/http-errors/-/http-errors-1.6.1.tgz#5f8b8ed98aca545656bf572997387f904a722257"
  dependencies:
    depd "1.1.0"
    inherits "2.0.3"
    setprototypeof "1.0.3"
    statuses ">= 1.3.1 < 2"

inherits@2.0.3:
  version "2.0.3"
  resolved "https://registry.yarnpkg.com/inherits/-/inherits-2.0.3.tgz#633c2c83e3da42a502f52466022480f4208261de"

ipaddr.js@1.3.0:
  version "1.3.0"
  resolved "https://registry.yarnpkg.com/ipaddr.js/-/ipaddr.js-1.3.0.tgz#1e03a52fdad83a8bbb2b25cbf4998b4cffcd3dec"

is-redirect@^1.0.0:
  version "1.0.0"
  resolved "https://registry.yarnpkg.com/is-redirect/-/is-redirect-1.0.0.tgz#1d03dded53bd8db0f30c26e4f95d36fc7c87dc24"

is-retry-allowed@^1.0.0:
  version "1.1.0"
  resolved "https://registry.yarnpkg.com/is-retry-allowed/-/is-retry-allowed-1.1.0.tgz#11a060568b67339444033d0125a61a20d564fb34"

is-stream@^1.0.0:
  version "1.1.0"
  resolved "https://registry.yarnpkg.com/is-stream/-/is-stream-1.1.0.tgz#12d4a3dd4e68e0b79ceb8dbc84173ae80d91ca44"

lowercase-keys@^1.0.0:
  version "1.0.0"
  resolved "https://registry.yarnpkg.com/lowercase-keys/-/lowercase-keys-1.0.0.tgz#4e3366b39e7f5457e35f1324bdf6f88d0bfc7306"

media-typer@0.3.0:
  version "0.3.0"
  resolved "https://registry.yarnpkg.com/media-typer/-/media-typer-0.3.0.tgz#8710d7af0aa626f8fffa1ce00168545263255748"

merge-descriptors@1.0.1:
  version "1.0.1"
  resolved "https://registry.yarnpkg.com/merge-descriptors/-/merge-descriptors-1.0.1.tgz#b00aaa556dd8b44568150ec9d1b953f3f90cbb61"

methods@~1.1.2:
  version "1.1.2"
  resolved "https://registry.yarnpkg.com/methods/-/methods-1.1.2.tgz#5529a4d67654134edcc5266656835b0f851afcee"

mime-db@~1.27.0:
  version "1.27.0"
  resolved "https://registry.yarnpkg.com/mime-db/-/mime-db-1.27.0.tgz#820f572296bbd20ec25ed55e5b5de869e5436eb1"

mime-types@~2.1.11, mime-types@~2.1.15:
  version "2.1.15"
  resolved "https://registry.yarnpkg.com/mime-types/-/mime-types-2.1.15.tgz#a4ebf5064094569237b8cf70046776d09fc92aed"
  dependencies:
    mime-db "~1.27.0"

mime@1.3.4:
  version "1.3.4"
  resolved "https://registry.yarnpkg.com/mime/-/mime-1.3.4.tgz#115f9e3b6b3daf2959983cb38f149a2d40eb5d53"

ms@0.7.2:
  version "0.7.2"
  resolved "https://registry.yarnpkg.com/ms/-/ms-0.7.2.tgz#ae25cf2512b3885a1d95d7f037868d8431124765"

ms@0.7.3:
  version "0.7.3"
  resolved "https://registry.yarnpkg.com/ms/-/ms-0.7.3.tgz#708155a5e44e33f5fd0fc53e81d0d40a91be1fff"

negotiator@0.6.1:
  version "0.6.1"
  resolved "https://registry.yarnpkg.com/negotiator/-/negotiator-0.6.1.tgz#2b327184e8992101177b28563fb5e7102acd0ca9"

on-finished@~2.3.0:
  version "2.3.0"
  resolved "https://registry.yarnpkg.com/on-finished/-/on-finished-2.3.0.tgz#20f1336481b083cd75337992a16971aa2d906947"
  dependencies:
    ee-first "1.1.1"

parseurl@~1.3.1:
  version "1.3.1"
  resolved "https://registry.yarnpkg.com/parseurl/-/parseurl-1.3.1.tgz#c8ab8c9223ba34888aa64a297b28853bec18da56"

path-to-regexp@0.1.7:
  version "0.1.7"
  resolved "https://registry.yarnpkg.com/path-to-regexp/-/path-to-regexp-0.1.7.tgz#df604178005f522f15eb4490e7247a1bfaa67f8c"

prepend-http@^1.0.1:
  version "1.0.4"
  resolved "https://registry.yarnpkg.com/prepend-http/-/prepend-http-1.0.4.tgz#d4f4562b0ce3696e41ac52d0e002e57a635dc6dc"

proxy-addr@~1.1.3:
  version "1.1.4"
  resolved "https://registry.yarnpkg.com/proxy-addr/-/proxy-addr-1.1.4.tgz#27e545f6960a44a627d9b44467e35c1b6b4ce2f3"
  dependencies:
    forwarded "~0.1.0"
    ipaddr.js "1.3.0"

qs@6.4.0:
  version "6.4.0"
  resolved "https://registry.yarnpkg.com/qs/-/qs-6.4.0.tgz#13e26d28ad6b0ffaa91312cd3bf708ed351e7233"

range-parser@~1.2.0:
  version "1.2.0"
  resolved "https://registry.yarnpkg.com/range-parser/-/range-parser-1.2.0.tgz#f49be6b487894ddc40dcc94a322f611092e00d5e"

safe-buffer@^5.0.1:
  version "5.0.1"
  resolved "https://registry.yarnpkg.com/safe-buffer/-/safe-buffer-5.0.1.tgz#d263ca54696cd8a306b5ca6551e92de57918fbe7"

send@0.15.1:
  version "0.15.1"
  resolved "https://registry.yarnpkg.com/send/-/send-0.15.1.tgz#8a02354c26e6f5cca700065f5f0cdeba90ec7b5f"
  dependencies:
    debug "2.6.1"
    depd "~1.1.0"
    destroy "~1.0.4"
    encodeurl "~1.0.1"
    escape-html "~1.0.3"
    etag "~1.8.0"
    fresh "0.5.0"
    http-errors "~1.6.1"
    mime "1.3.4"
    ms "0.7.2"
    on-finished "~2.3.0"
    range-parser "~1.2.0"
    statuses "~1.3.1"

serve-static@1.12.1:
  version "1.12.1"
  resolved "https://registry.yarnpkg.com/serve-static/-/serve-static-1.12.1.tgz#7443a965e3ced647aceb5639fa06bf4d1bbe0039"
  dependencies:
    encodeurl "~1.0.1"
    escape-html "~1.0.3"
    parseurl "~1.3.1"
    send "0.15.1"

setprototypeof@1.0.3:
  version "1.0.3"
  resolved "https://registry.yarnpkg.com/setprototypeof/-/setprototypeof-1.0.3.tgz#66567e37043eeb4f04d91bd658c0cbefb55b8e04"

"statuses@>= 1.3.1 < 2", statuses@~1.3.1:
  version "1.3.1"
  resolved "https://registry.yarnpkg.com/statuses/-/statuses-1.3.1.tgz#faf51b9eb74aaef3b3acf4ad5f61abf24cb7b93e"

timed-out@^4.0.0:
  version "4.0.1"
  resolved "https://registry.yarnpkg.com/timed-out/-/timed-out-4.0.1.tgz#f32eacac5a175bea25d7fab565ab3ed8741ef56f"

type-is@~1.6.14:
  version "1.6.15"
  resolved "https://registry.yarnpkg.com/type-is/-/type-is-1.6.15.tgz#cab10fb4909e441c82842eafe1ad646c81804410"
  dependencies:
    media-typer "0.3.0"
    mime-types "~2.1.15"

unpipe@~1.0.0:
  version "1.0.0"
  resolved "https://registry.yarnpkg.com/unpipe/-/unpipe-1.0.0.tgz#b2bf4ee8514aae6165b4817829d21b2ef49904ec"

unzip-response@^2.0.1:
  version "2.0.1"
  resolved "https://registry.yarnpkg.com/unzip-response/-/unzip-response-2.0.1.tgz#d2f0f737d16b0615e72a6935ed04214572d56f97"

url-parse-lax@^1.0.0:
  version "1.0.0"
  resolved "https://registry.yarnpkg.com/url-parse-lax/-/url-parse-lax-1.0.0.tgz#7af8f303645e9bd79a272e7a14ac68bc0609da73"
  dependencies:
    prepend-http "^1.0.1"

utils-merge@1.0.0:
  version "1.0.0"
  resolved "https://registry.yarnpkg.com/utils-merge/-/utils-merge-1.0.0.tgz#0294fb922bb9375153541c4f7096231f287c8af8"

vary@~1.1.0:
  version "1.1.1"
  resolved "https://registry.yarnpkg.com/vary/-/vary-1.1.1.tgz#67535ebb694c1d52257457984665323f587e8d37"
